
Microsoft Visual Studio Solution File, Format Version 12.00
# Visual Studio 15
VisualStudioVersion = 15.0.28307.421
MinimumVisualStudioVersion = 10.0.40219.1
Project("{FAE04EC0-301F-11D3-BF4B-00C04F79EFBC}") = "Client", "Client\Client.csproj", "{B81B8B31-C3BA-4A8F-BCDE-AC33BA5852C5}"
EndProject
Project("{FAE04EC0-301F-11D3-BF4B-00C04F79EFBC}") = "Server", "Server\Server.csproj", "{FDFD5C94-BDAA-4B5C-A00D-E7D9610A1ECD}"
EndProject
Global
	GlobalSection(SolutionConfigurationPlatforms) = preSolution
		Debug|Any CPU = Debug|Any CPU
		Release|Any CPU = Release|Any CPU
	EndGlobalSection
	GlobalSection(ProjectConfigurationPlatforms) = postSolution
		{B81B8B31-C3BA-4A8F-BCDE-AC33BA5852C5}.Debug|Any CPU.ActiveCfg = Debug|Any CPU
		{B81B8B31-C3BA-4A8F-BCDE-AC33BA5852C5}.Debug|Any CPU.Build.0 = Debug|Any CPU
		{B81B8B31-C3BA-4A8F-BCDE-AC33BA5852C5}.Release|Any CPU.ActiveCfg = Release|Any CPU
		{B81B8B31-C3BA-4A8F-BCDE-AC33BA5852C5}.Release|Any CPU.Build.0 = Release|Any CPU
		{FDFD5C94-BDAA-4B5C-A00D-E7D9610A1ECD}.Debug|Any CPU.ActiveCfg = Debug|Any CPU
		{FDFD5C94-BDAA-4B5C-A00D-E7D9610A1ECD}.Debug|Any CPU.Build.0 = Debug|Any CPU
		{FDFD5C94-BDAA-4B5C-A00D-E7D9610A1ECD}.Release|Any CPU.ActiveCfg = Release|Any CPU
		{FDFD5C94-BDAA-4B5C-A00D-E7D9610A1ECD}.Release|Any CPU.Build.0 = Release|Any CPU
	EndGlobalSection
	GlobalSection(SolutionProperties) = preSolution
		HideSolutionNode = FALSE
	EndGlobalSection
	GlobalSection(ExtensibilityGlobals) = postSolution
		SolutionGuid = {D7AE1B2A-5381-4F90-AF46-6DD7F2B51585}
	EndGlobalSection
EndGlobal
